
Microsoft Visual Studio Solution File, Format Version 12.00
# Visual Studio Version 17
VisualStudioVersion = 17.0.31903.59
MinimumVisualStudioVersion = 10.0.40219.1
Project("{2150E333-8FDC-42A3-9474-1A3956D46DE8}") = "Src", "Src", "{827E0CD3-B72D-47B6-A68D-7590B98EB39B}"
EndProject
Project("{FAE04EC0-301F-11D3-BF4B-00C04F79EFBC}") = "BenchmarkingSandbox.API", "Src\Benchmarking.API\BenchmarkingSandbox.API.csproj", "{ADD2AADA-4380-4970-9944-14FEE4CDBC35}"
EndProject
Project("{FAE04EC0-301F-11D3-BF4B-00C04F79EFBC}") = "BenchmarkingSandbox.Statistics", "Src\Benchmarking.Statistics\BenchmarkingSandbox.Statistics.csproj", "{2B532C43-D108-4C30-A1ED-CA6BADABA644}"
EndProject
Project("{FAE04EC0-301F-11D3-BF4B-00C04F79EFBC}") = "BenchmarkingSandbox.Tests", "Tests\Benchmarking.Tests\BenchmarkingSandbox.Tests.csproj", "{1935933E-6006-4FAF-8F7F-ED33ABAF9BCF}"
EndProject
Project("{FAE04EC0-301F-11D3-BF4B-00C04F79EFBC}") = "BenchmarkingSandbox.Runner", "Src\Benchmarking.Runner\BenchmarkingSandbox.Runner.csproj", "{608236F7-96FF-4385-8CB9-423FAF5CDFDF}"
EndProject
Project("{FAE04EC0-301F-11D3-BF4B-00C04F79EFBC}") = "BenchmarkingSandbox.Core", "Src\Benchmarking.Core\BenchmarkingSandbox.Core.csproj", "{19AB02E0-3D8E-42E2-9345-9446A9378B36}"
EndProject
Global
	GlobalSection(SolutionConfigurationPlatforms) = preSolution
		Debug|Any CPU = Debug|Any CPU
		Debug|x64 = Debug|x64
		Debug|x86 = Debug|x86
		Release|Any CPU = Release|Any CPU
		Release|x64 = Release|x64
		Release|x86 = Release|x86
	EndGlobalSection
	GlobalSection(ProjectConfigurationPlatforms) = postSolution
		{ADD2AADA-4380-4970-9944-14FEE4CDBC35}.Debug|Any CPU.ActiveCfg = Debug|Any CPU
		{ADD2AADA-4380-4970-9944-14FEE4CDBC35}.Debug|Any CPU.Build.0 = Debug|Any CPU
		{ADD2AADA-4380-4970-9944-14FEE4CDBC35}.Debug|x64.ActiveCfg = Debug|Any CPU
		{ADD2AADA-4380-4970-9944-14FEE4CDBC35}.Debug|x64.Build.0 = Debug|Any CPU
		{ADD2AADA-4380-4970-9944-14FEE4CDBC35}.Debug|x86.ActiveCfg = Debug|Any CPU
		{ADD2AADA-4380-4970-9944-14FEE4CDBC35}.Debug|x86.Build.0 = Debug|Any CPU
		{ADD2AADA-4380-4970-9944-14FEE4CDBC35}.Release|Any CPU.ActiveCfg = Release|Any CPU
		{ADD2AADA-4380-4970-9944-14FEE4CDBC35}.Release|Any CPU.Build.0 = Release|Any CPU
		{ADD2AADA-4380-4970-9944-14FEE4CDBC35}.Release|x64.ActiveCfg = Release|Any CPU
		{ADD2AADA-4380-4970-9944-14FEE4CDBC35}.Release|x64.Build.0 = Release|Any CPU
		{ADD2AADA-4380-4970-9944-14FEE4CDBC35}.Release|x86.ActiveCfg = Release|Any CPU
		{ADD2AADA-4380-4970-9944-14FEE4CDBC35}.Release|x86.Build.0 = Release|Any CPU
		{2B532C43-D108-4C30-A1ED-CA6BADABA644}.Debug|Any CPU.ActiveCfg = Debug|Any CPU
		{2B532C43-D108-4C30-A1ED-CA6BADABA644}.Debug|Any CPU.Build.0 = Debug|Any CPU
		{2B532C43-D108-4C30-A1ED-CA6BADABA644}.Debug|x64.ActiveCfg = Debug|Any CPU
		{2B532C43-D108-4C30-A1ED-CA6BADABA644}.Debug|x64.Build.0 = Debug|Any CPU
		{2B532C43-D108-4C30-A1ED-CA6BADABA644}.Debug|x86.ActiveCfg = Debug|Any CPU
		{2B532C43-D108-4C30-A1ED-CA6BADABA644}.Debug|x86.Build.0 = Debug|Any CPU
		{2B532C43-D108-4C30-A1ED-CA6BADABA644}.Release|Any CPU.ActiveCfg = Release|Any CPU
		{2B532C43-D108-4C30-A1ED-CA6BADABA644}.Release|Any CPU.Build.0 = Release|Any CPU
		{2B532C43-D108-4C30-A1ED-CA6BADABA644}.Release|x64.ActiveCfg = Release|Any CPU
		{2B532C43-D108-4C30-A1ED-CA6BADABA644}.Release|x64.Build.0 = Release|Any CPU
		{2B532C43-D108-4C30-A1ED-CA6BADABA644}.Release|x86.ActiveCfg = Release|Any CPU
		{2B532C43-D108-4C30-A1ED-CA6BADABA644}.Release|x86.Build.0 = Release|Any CPU
		{1935933E-6006-4FAF-8F7F-ED33ABAF9BCF}.Debug|Any CPU.ActiveCfg = Debug|Any CPU
		{1935933E-6006-4FAF-8F7F-ED33ABAF9BCF}.Debug|Any CPU.Build.0 = Debug|Any CPU
		{1935933E-6006-4FAF-8F7F-ED33ABAF9BCF}.Debug|x64.ActiveCfg = Debug|Any CPU
		{1935933E-6006-4FAF-8F7F-ED33ABAF9BCF}.Debug|x64.Build.0 = Debug|Any CPU
		{1935933E-6006-4FAF-8F7F-ED33ABAF9BCF}.Debug|x86.ActiveCfg = Debug|Any CPU
		{1935933E-6006-4FAF-8F7F-ED33ABAF9BCF}.Debug|x86.Build.0 = Debug|Any CPU
		{1935933E-6006-4FAF-8F7F-ED33ABAF9BCF}.Release|Any CPU.ActiveCfg = Release|Any CPU
		{1935933E-6006-4FAF-8F7F-ED33ABAF9BCF}.Release|Any CPU.Build.0 = Release|Any CPU
		{1935933E-6006-4FAF-8F7F-ED33ABAF9BCF}.Release|x64.ActiveCfg = Release|Any CPU
		{1935933E-6006-4FAF-8F7F-ED33ABAF9BCF}.Release|x64.Build.0 = Release|Any CPU
		{1935933E-6006-4FAF-8F7F-ED33ABAF9BCF}.Release|x86.ActiveCfg = Release|Any CPU
		{1935933E-6006-4FAF-8F7F-ED33ABAF9BCF}.Release|x86.Build.0 = Release|Any CPU
		{608236F7-96FF-4385-8CB9-423FAF5CDFDF}.Debug|Any CPU.ActiveCfg = Debug|Any CPU
		{608236F7-96FF-4385-8CB9-423FAF5CDFDF}.Debug|Any CPU.Build.0 = Debug|Any CPU
		{608236F7-96FF-4385-8CB9-423FAF5CDFDF}.Debug|x64.ActiveCfg = Debug|Any CPU
		{608236F7-96FF-4385-8CB9-423FAF5CDFDF}.Debug|x64.Build.0 = Debug|Any CPU
		{608236F7-96FF-4385-8CB9-423FAF5CDFDF}.Debug|x86.ActiveCfg = Debug|Any CPU
		{608236F7-96FF-4385-8CB9-423FAF5CDFDF}.Debug|x86.Build.0 = Debug|Any CPU
		{608236F7-96FF-4385-8CB9-423FAF5CDFDF}.Release|Any CPU.ActiveCfg = Release|Any CPU
		{608236F7-96FF-4385-8CB9-423FAF5CDFDF}.Release|Any CPU.Build.0 = Release|Any CPU
		{608236F7-96FF-4385-8CB9-423FAF5CDFDF}.Release|x64.ActiveCfg = Release|Any CPU
		{608236F7-96FF-4385-8CB9-423FAF5CDFDF}.Release|x64.Build.0 = Release|Any CPU
		{608236F7-96FF-4385-8CB9-423FAF5CDFDF}.Release|x86.ActiveCfg = Release|Any CPU
		{608236F7-96FF-4385-8CB9-423FAF5CDFDF}.Release|x86.Build.0 = Release|Any CPU
		{19AB02E0-3D8E-42E2-9345-9446A9378B36}.Debug|Any CPU.ActiveCfg = Debug|Any CPU
		{19AB02E0-3D8E-42E2-9345-9446A9378B36}.Debug|Any CPU.Build.0 = Debug|Any CPU
		{19AB02E0-3D8E-42E2-9345-9446A9378B36}.Debug|x64.ActiveCfg = Debug|Any CPU
		{19AB02E0-3D8E-42E2-9345-9446A9378B36}.Debug|x64.Build.0 = Debug|Any CPU
		{19AB02E0-3D8E-42E2-9345-9446A9378B36}.Debug|x86.ActiveCfg = Debug|Any CPU
		{19AB02E0-3D8E-42E2-9345-9446A9378B36}.Debug|x86.Build.0 = Debug|Any CPU
		{19AB02E0-3D8E-42E2-9345-9446A9378B36}.Release|Any CPU.ActiveCfg = Release|Any CPU
		{19AB02E0-3D8E-42E2-9345-9446A9378B36}.Release|Any CPU.Build.0 = Release|Any CPU
		{19AB02E0-3D8E-42E2-9345-9446A9378B36}.Release|x64.ActiveCfg = Release|Any CPU
		{19AB02E0-3D8E-42E2-9345-9446A9378B36}.Release|x64.Build.0 = Release|Any CPU
		{19AB02E0-3D8E-42E2-9345-9446A9378B36}.Release|x86.ActiveCfg = Release|Any CPU
		{19AB02E0-3D8E-42E2-9345-9446A9378B36}.Release|x86.Build.0 = Release|Any CPU
	EndGlobalSection
	GlobalSection(SolutionProperties) = preSolution
		HideSolutionNode = FALSE
	EndGlobalSection
	GlobalSection(NestedProjects) = preSolution
		{ADD2AADA-4380-4970-9944-14FEE4CDBC35} = {827E0CD3-B72D-47B6-A68D-7590B98EB39B}
		{2B532C43-D108-4C30-A1ED-CA6BADABA644} = {827E0CD3-B72D-47B6-A68D-7590B98EB39B}
		{1935933E-6006-4FAF-8F7F-ED33ABAF9BCF} = {827E0CD3-B72D-47B6-A68D-7590B98EB39B}
		{608236F7-96FF-4385-8CB9-423FAF5CDFDF} = {827E0CD3-B72D-47B6-A68D-7590B98EB39B}
		{19AB02E0-3D8E-42E2-9345-9446A9378B36} = {827E0CD3-B72D-47B6-A68D-7590B98EB39B}
	EndGlobalSection
EndGlobal
